
Microsoft Visual Studio Solution File, Format Version 12.00
# Visual Studio Version 16
VisualStudioVersion = 16.0.31624.102
MinimumVisualStudioVersion = 10.0.40219.1
Project("{FAE04EC0-301F-11D3-BF4B-00C04F79EFBC}") = "EuromillonesDAM2022", "EuromillonesDAM2022\EuromillonesDAM2022.csproj", "{0845C471-34C3-4249-B8FC-57894F9BA09E}"
EndProject
Global
	GlobalSection(SolutionConfigurationPlatforms) = preSolution
		Debug|Any CPU = Debug|Any CPU
		Release|Any CPU = Release|Any CPU
	EndGlobalSection
	GlobalSection(ProjectConfigurationPlatforms) = postSolution
		{0845C471-34C3-4249-B8FC-57894F9BA09E}.Debug|Any CPU.ActiveCfg = Debug|Any CPU
		{0845C471-34C3-4249-B8FC-57894F9BA09E}.Debug|Any CPU.Build.0 = Debug|Any CPU
		{0845C471-34C3-4249-B8FC-57894F9BA09E}.Release|Any CPU.ActiveCfg = Release|Any CPU
		{0845C471-34C3-4249-B8FC-57894F9BA09E}.Release|Any CPU.Build.0 = Release|Any CPU
	EndGlobalSection
	GlobalSection(SolutionProperties) = preSolution
		HideSolutionNode = FALSE
	EndGlobalSection
	GlobalSection(ExtensibilityGlobals) = postSolution
		SolutionGuid = {186D01B5-29EC-4896-AE41-78838DB257D7}
	EndGlobalSection
EndGlobal
